
Microsoft Visual Studio Solution File, Format Version 12.00
# Visual Studio Version 16
VisualStudioVersion = 16.0.30804.86
MinimumVisualStudioVersion = 10.0.40219.1
Project("{FAE04EC0-301F-11D3-BF4B-00C04F79EFBC}") = "Esercizio Condizioni", "Esercizio Condizioni.csproj", "{07D56AE1-AE7E-46A0-917D-494B6596B00E}"
EndProject
Global
	GlobalSection(SolutionConfigurationPlatforms) = preSolution
		Debug|Any CPU = Debug|Any CPU
		Release|Any CPU = Release|Any CPU
	EndGlobalSection
	GlobalSection(ProjectConfigurationPlatforms) = postSolution
		{07D56AE1-AE7E-46A0-917D-494B6596B00E}.Debug|Any CPU.ActiveCfg = Debug|Any CPU
		{07D56AE1-AE7E-46A0-917D-494B6596B00E}.Debug|Any CPU.Build.0 = Debug|Any CPU
		{07D56AE1-AE7E-46A0-917D-494B6596B00E}.Release|Any CPU.ActiveCfg = Release|Any CPU
		{07D56AE1-AE7E-46A0-917D-494B6596B00E}.Release|Any CPU.Build.0 = Release|Any CPU
	EndGlobalSection
	GlobalSection(SolutionProperties) = preSolution
		HideSolutionNode = FALSE
	EndGlobalSection
	GlobalSection(ExtensibilityGlobals) = postSolution
		SolutionGuid = {15327EE8-0CC8-4B52-A7F3-BF1D700C6E76}
	EndGlobalSection
EndGlobal
